
Microsoft Visual Studio Solution File, Format Version 12.00
# Visual Studio Version 17
VisualStudioVersion = 17.7.34003.232
MinimumVisualStudioVersion = 10.0.40219.1
Project("{FAE04EC0-301F-11D3-BF4B-00C04F79EFBC}") = "Interfaces_Kohnen_Christian", "Interfaces_Kohnen_Christian.csproj", "{53F809D3-702D-4F97-BD82-8F65476EFA7D}"
EndProject
Global
	GlobalSection(SolutionConfigurationPlatforms) = preSolution
		Debug|Any CPU = Debug|Any CPU
		Release|Any CPU = Release|Any CPU
	EndGlobalSection
	GlobalSection(ProjectConfigurationPlatforms) = postSolution
		{53F809D3-702D-4F97-BD82-8F65476EFA7D}.Debug|Any CPU.ActiveCfg = Debug|Any CPU
		{53F809D3-702D-4F97-BD82-8F65476EFA7D}.Debug|Any CPU.Build.0 = Debug|Any CPU
		{53F809D3-702D-4F97-BD82-8F65476EFA7D}.Release|Any CPU.ActiveCfg = Release|Any CPU
		{53F809D3-702D-4F97-BD82-8F65476EFA7D}.Release|Any CPU.Build.0 = Release|Any CPU
	EndGlobalSection
	GlobalSection(SolutionProperties) = preSolution
		HideSolutionNode = FALSE
	EndGlobalSection
	GlobalSection(ExtensibilityGlobals) = postSolution
		SolutionGuid = {E58978DA-7CD9-40CF-95B2-732A7097181A}
	EndGlobalSection
EndGlobal
